
Microsoft Visual Studio Solution File, Format Version 12.00
# Visual Studio Version 17
VisualStudioVersion = 17.3.32929.385
MinimumVisualStudioVersion = 10.0.40219.1
Project("{FAE04EC0-301F-11D3-BF4B-00C04F79EFBC}") = "CirqularQueues", "CirqularQueues\CirqularQueues.csproj", "{8225BFC3-DB7F-43EB-9299-9B583F740A04}"
EndProject
Global
	GlobalSection(SolutionConfigurationPlatforms) = preSolution
		Debug|Any CPU = Debug|Any CPU
		Release|Any CPU = Release|Any CPU
	EndGlobalSection
	GlobalSection(ProjectConfigurationPlatforms) = postSolution
		{8225BFC3-DB7F-43EB-9299-9B583F740A04}.Debug|Any CPU.ActiveCfg = Debug|Any CPU
		{8225BFC3-DB7F-43EB-9299-9B583F740A04}.Debug|Any CPU.Build.0 = Debug|Any CPU
		{8225BFC3-DB7F-43EB-9299-9B583F740A04}.Release|Any CPU.ActiveCfg = Release|Any CPU
		{8225BFC3-DB7F-43EB-9299-9B583F740A04}.Release|Any CPU.Build.0 = Release|Any CPU
	EndGlobalSection
	GlobalSection(SolutionProperties) = preSolution
		HideSolutionNode = FALSE
	EndGlobalSection
	GlobalSection(ExtensibilityGlobals) = postSolution
		SolutionGuid = {FC91E8EB-CC51-45BA-86AF-254AC494FFC5}
	EndGlobalSection
EndGlobal
